<?xml version="1.0" encoding="utf-8"?>
<Project ToolsVersion="4.0" xmlns="http://schemas.microsoft.com/developer/msbuild/2003">
  <ItemGroup>
    <Filter Include="Core">
      <UniqueIdentifier>{92b3f123-0bd2-475b-9767-cbeef64f321b}</UniqueIdentifier>
    </Filter>
    <Filter Include="Render">
      <UniqueIdentifier>{8f305418-8560-4568-a825-5872a68dd5f3}</UniqueIdentifier>
    </Filter>
  </ItemGroup>
  <ItemGroup>
    <ClCompile Include="..\..\Source\FirstTriangle\FirstTriangle.c" />
    <ClCompile Include="..\..\Source\Common\Render\D3D12.cpp">
      <Filter>Render</Filter>
    </ClCompile>
  </ItemGroup>
  <ItemGroup>
    <ClInclude Include="..\..\Source\Common\Core\AppMain.h">
      <Filter>Core</Filter>
    </ClInclude>
    <ClInclude Include="..\..\Source\Common\Core\DataTypes.h">
      <Filter>Core</Filter>
    </ClInclude>
    <ClInclude Include="..\..\Source\Common\Render\Renderer.h">
      <Filter>Render</Filter>
    </ClInclude>
  </ItemGroup>
</Project>